
Microsoft Visual Studio Solution File, Format Version 12.00
# Visual Studio Version 16
VisualStudioVersion = 16.0.32407.337
MinimumVisualStudioVersion = 10.0.40219.1
Project("{FAE04EC0-301F-11D3-BF4B-00C04F79EFBC}") = "xadrez-console", "xadrez-console\xadrez-console.csproj", "{C20BA151-1423-4CFE-8ECF-34208993DC97}"
EndProject
Global
	GlobalSection(SolutionConfigurationPlatforms) = preSolution
		Debug|Any CPU = Debug|Any CPU
		Release|Any CPU = Release|Any CPU
	EndGlobalSection
	GlobalSection(ProjectConfigurationPlatforms) = postSolution
		{C20BA151-1423-4CFE-8ECF-34208993DC97}.Debug|Any CPU.ActiveCfg = Debug|Any CPU
		{C20BA151-1423-4CFE-8ECF-34208993DC97}.Debug|Any CPU.Build.0 = Debug|Any CPU
		{C20BA151-1423-4CFE-8ECF-34208993DC97}.Release|Any CPU.ActiveCfg = Release|Any CPU
		{C20BA151-1423-4CFE-8ECF-34208993DC97}.Release|Any CPU.Build.0 = Release|Any CPU
	EndGlobalSection
	GlobalSection(SolutionProperties) = preSolution
		HideSolutionNode = FALSE
	EndGlobalSection
	GlobalSection(ExtensibilityGlobals) = postSolution
		SolutionGuid = {0D7FEB50-AEDC-4156-962A-A967618D705F}
	EndGlobalSection
EndGlobal
